Microsoft Visual Studio Solution File, Format Version 12.00
# Visual Studio Version 17
VisualStudioVersion = 17.0.31903.59
MinimumVisualStudioVersion = 10.0.40219.1
Project("{2150E333-8FDC-42A3-9474-1A3956D46DE8}") = "presentation", "presentation", "{0656E3A5-E3D5-412A-8522-C44BDD58A111}"
EndProject
Project("{9A19103F-16F7-4668-BE54-9A1E7A4F7556}") = "CleanArchitecture.Template.RestApi", "presentation\CleanArchitecture.Template.RestApi\CleanArchitecture.Template.RestApi.csproj", "{30408131-5686-4A9D-B298-85B07EE4F148}"
EndProject
Project("{2150E333-8FDC-42A3-9474-1A3956D46DE8}") = "core", "core", "{13E62CA5-A61E-4148-B4E7-F3FAEBC25A42}"
EndProject
Project("{9A19103F-16F7-4668-BE54-9A1E7A4F7556}") = "CleanArchitecture.Template.Domain", "core\CleanArchitecture.Template.Domain\CleanArchitecture.Template.Domain.csproj", "{3E9287BE-EB7C-4D76-92C5-A49163B4D17E}"
EndProject
Project("{9A19103F-16F7-4668-BE54-9A1E7A4F7556}") = "CleanArchitecture.Template.Application", "core\CleanArchitecture.Template.Application\CleanArchitecture.Template.Application.csproj", "{932D281C-55FB-4A94-88A3-C76E94D6A375}"
EndProject
Project("{9A19103F-16F7-4668-BE54-9A1E7A4F7556}") = "CleanArchitecture.Template.Tests", "tests\CleanArchitecture.Template.Tests\CleanArchitecture.Template.Tests.csproj", "{1320B135-FCAD-428D-9E65-2EF632F38FF0}"
EndProject
Project("{2150E333-8FDC-42A3-9474-1A3956D46DE8}") = "tests", "tests", "{51796E62-5A61-442B-AE34-7D848DE6E874}"
EndProject
Project("{9A19103F-16F7-4668-BE54-9A1E7A4F7556}") = "CleanArchitecture.Template.GrpcApi", "presentation\CleanArchitecture.Template.GrpcApi\CleanArchitecture.Template.GrpcApi.csproj", "{9E5CEECB-EC69-4E07-A973-F859138C6B09}"
EndProject
Project("{2150E333-8FDC-42A3-9474-1A3956D46DE8}") = "Solution Items", "Solution Items", "{7F550987-D24B-41E2-8CD8-0F7B60E3DFE4}"
	ProjectSection(SolutionItems) = preProject
		.dockerignore = .dockerignore
		.editorconfig = .editorconfig
		README.md = README.md
	EndProjectSection
EndProject
Global
	GlobalSection(SolutionConfigurationPlatforms) = preSolution
		Debug|Any CPU = Debug|Any CPU
		Release|Any CPU = Release|Any CPU
	EndGlobalSection
	GlobalSection(ProjectConfigurationPlatforms) = postSolution
		{30408131-5686-4A9D-B298-85B07EE4F148}.Debug|Any CPU.ActiveCfg = Debug|Any CPU
		{30408131-5686-4A9D-B298-85B07EE4F148}.Debug|Any CPU.Build.0 = Debug|Any CPU
		{30408131-5686-4A9D-B298-85B07EE4F148}.Release|Any CPU.ActiveCfg = Release|Any CPU
		{30408131-5686-4A9D-B298-85B07EE4F148}.Release|Any CPU.Build.0 = Release|Any CPU
		{3E9287BE-EB7C-4D76-92C5-A49163B4D17E}.Debug|Any CPU.ActiveCfg = Debug|Any CPU
		{3E9287BE-EB7C-4D76-92C5-A49163B4D17E}.Debug|Any CPU.Build.0 = Debug|Any CPU
		{3E9287BE-EB7C-4D76-92C5-A49163B4D17E}.Release|Any CPU.ActiveCfg = Release|Any CPU
		{3E9287BE-EB7C-4D76-92C5-A49163B4D17E}.Release|Any CPU.Build.0 = Release|Any CPU
		{932D281C-55FB-4A94-88A3-C76E94D6A375}.Debug|Any CPU.ActiveCfg = Debug|Any CPU
		{932D281C-55FB-4A94-88A3-C76E94D6A375}.Debug|Any CPU.Build.0 = Debug|Any CPU
		{932D281C-55FB-4A94-88A3-C76E94D6A375}.Release|Any CPU.ActiveCfg = Release|Any CPU
		{932D281C-55FB-4A94-88A3-C76E94D6A375}.Release|Any CPU.Build.0 = Release|Any CPU
		{1320B135-FCAD-428D-9E65-2EF632F38FF0}.Debug|Any CPU.ActiveCfg = Debug|Any CPU
		{1320B135-FCAD-428D-9E65-2EF632F38FF0}.Debug|Any CPU.Build.0 = Debug|Any CPU
		{1320B135-FCAD-428D-9E65-2EF632F38FF0}.Release|Any CPU.ActiveCfg = Release|Any CPU
		{1320B135-FCAD-428D-9E65-2EF632F38FF0}.Release|Any CPU.Build.0 = Release|Any CPU
		{9E5CEECB-EC69-4E07-A973-F859138C6B09}.Debug|Any CPU.ActiveCfg = Debug|Any CPU
		{9E5CEECB-EC69-4E07-A973-F859138C6B09}.Debug|Any CPU.Build.0 = Debug|Any CPU
		{9E5CEECB-EC69-4E07-A973-F859138C6B09}.Release|Any CPU.ActiveCfg = Release|Any CPU
		{9E5CEECB-EC69-4E07-A973-F859138C6B09}.Release|Any CPU.Build.0 = Release|Any CPU
	EndGlobalSection
	GlobalSection(SolutionProperties) = preSolution
		HideSolutionNode = FALSE
	EndGlobalSection
	GlobalSection(NestedProjects) = preSolution
		{30408131-5686-4A9D-B298-85B07EE4F148} = {0656E3A5-E3D5-412A-8522-C44BDD58A111}
		{3E9287BE-EB7C-4D76-92C5-A49163B4D17E} = {13E62CA5-A61E-4148-B4E7-F3FAEBC25A42}
		{932D281C-55FB-4A94-88A3-C76E94D6A375} = {13E62CA5-A61E-4148-B4E7-F3FAEBC25A42}
		{1320B135-FCAD-428D-9E65-2EF632F38FF0} = {51796E62-5A61-442B-AE34-7D848DE6E874}
		{9E5CEECB-EC69-4E07-A973-F859138C6B09} = {0656E3A5-E3D5-412A-8522-C44BDD58A111}
	EndGlobalSection
	GlobalSection(ExtensibilityGlobals) = postSolution
		SolutionGuid = {E4BE383D-A681-4369-B9F2-539A9C39AA39}
	EndGlobalSection
EndGlobal
